
Microsoft Visual Studio Solution File, Format Version 12.00
# Visual Studio 14
VisualStudioVersion = 14.0.25420.1
MinimumVisualStudioVersion = 10.0.40219.1
Project("{FAE04EC0-301F-11D3-BF4B-00C04F79EFBC}") = "JCE.Utils", "src\JCE.Utils\JCE.Utils.csproj", "{DFBE85DD-3F35-41BE-84D8-47ACB7E7CFF3}"
EndProject
Project("{FAE04EC0-301F-11D3-BF4B-00C04F79EFBC}") = "JCE.Utils.Test", "test\JCE.Utils.Test\JCE.Utils.Test.csproj", "{80368D8A-2802-40F9-AD2D-015D394A9017}"
EndProject
Project("{2150E333-8FDC-42A3-9474-1A3956D46DE8}") = "src", "src", "{19B52163-35F0-4606-8DCC-A5F66214AE66}"
EndProject
Project("{2150E333-8FDC-42A3-9474-1A3956D46DE8}") = "test", "test", "{C8BD29E8-9698-4F26-8EE8-CC6A6CAE8BEF}"
EndProject
Project("{2150E333-8FDC-42A3-9474-1A3956D46DE8}") = "document", "document", "{2DC3DC6A-25F3-43B4-B9E3-B68FD37334AE}"
	ProjectSection(SolutionItems) = preProject
		document\JCE.Utils工具库设计API.xmind = document\JCE.Utils工具库设计API.xmind
		README.md = README.md
	EndProjectSection
EndProject
Project("{FAE04EC0-301F-11D3-BF4B-00C04F79EFBC}") = "JCE.Core", "src\JCE.Core\JCE.Core.csproj", "{FC117CD9-31FF-41D9-9768-552E2F20DAC3}"
EndProject
Project("{FAE04EC0-301F-11D3-BF4B-00C04F79EFBC}") = "JCE.Logs.Log4Net", "src\JCE.Logs.Log4Net\JCE.Logs.Log4Net.csproj", "{C51BDD7A-7BE8-4309-B17C-08DF383DC619}"
EndProject
Project("{FAE04EC0-301F-11D3-BF4B-00C04F79EFBC}") = "JCE.Logs.NLog", "src\JCE.Logs.NLog\JCE.Logs.NLog.csproj", "{FA7FD421-906E-4A37-B585-3E8E267E021B}"
EndProject
Project("{FAE04EC0-301F-11D3-BF4B-00C04F79EFBC}") = "JCE.Utils.Http", "src\JCE.Utils.Http\JCE.Utils.Http.csproj", "{6A57DACE-84BD-48E8-867E-3F2528CB4270}"
EndProject
Project("{FAE04EC0-301F-11D3-BF4B-00C04F79EFBC}") = "JCE.Utils.Http.Test", "test\JCE.Utils.Http.Test\JCE.Utils.Http.Test.csproj", "{F2A038E2-CE7A-4182-AFE3-AE0B579D0136}"
EndProject
Project("{FAE04EC0-301F-11D3-BF4B-00C04F79EFBC}") = "JCE.Core.Test", "src\JCE.Core.Test\JCE.Core.Test\JCE.Core.Test.csproj", "{C417F475-A750-440F-B965-2CD95EC24671}"
EndProject
Project("{FAE04EC0-301F-11D3-BF4B-00C04F79EFBC}") = "JCE.Core.WebApi.Test", "test\JCE.Core.WebApi.Test\JCE.Core.WebApi.Test\JCE.Core.WebApi.Test.csproj", "{FD537E66-97CB-44AB-821F-F51CF89AB6F2}"
EndProject
Global
	GlobalSection(SolutionConfigurationPlatforms) = preSolution
		Debug|Any CPU = Debug|Any CPU
		Release|Any CPU = Release|Any CPU
	EndGlobalSection
	GlobalSection(ProjectConfigurationPlatforms) = postSolution
		{DFBE85DD-3F35-41BE-84D8-47ACB7E7CFF3}.Debug|Any CPU.ActiveCfg = Debug|Any CPU
		{DFBE85DD-3F35-41BE-84D8-47ACB7E7CFF3}.Debug|Any CPU.Build.0 = Debug|Any CPU
		{DFBE85DD-3F35-41BE-84D8-47ACB7E7CFF3}.Release|Any CPU.ActiveCfg = Release|Any CPU
		{DFBE85DD-3F35-41BE-84D8-47ACB7E7CFF3}.Release|Any CPU.Build.0 = Release|Any CPU
		{80368D8A-2802-40F9-AD2D-015D394A9017}.Debug|Any CPU.ActiveCfg = Debug|Any CPU
		{80368D8A-2802-40F9-AD2D-015D394A9017}.Debug|Any CPU.Build.0 = Debug|Any CPU
		{80368D8A-2802-40F9-AD2D-015D394A9017}.Release|Any CPU.ActiveCfg = Release|Any CPU
		{80368D8A-2802-40F9-AD2D-015D394A9017}.Release|Any CPU.Build.0 = Release|Any CPU
		{FC117CD9-31FF-41D9-9768-552E2F20DAC3}.Debug|Any CPU.ActiveCfg = Debug|Any CPU
		{FC117CD9-31FF-41D9-9768-552E2F20DAC3}.Debug|Any CPU.Build.0 = Debug|Any CPU
		{FC117CD9-31FF-41D9-9768-552E2F20DAC3}.Release|Any CPU.ActiveCfg = Release|Any CPU
		{FC117CD9-31FF-41D9-9768-552E2F20DAC3}.Release|Any CPU.Build.0 = Release|Any CPU
		{C51BDD7A-7BE8-4309-B17C-08DF383DC619}.Debug|Any CPU.ActiveCfg = Debug|Any CPU
		{C51BDD7A-7BE8-4309-B17C-08DF383DC619}.Debug|Any CPU.Build.0 = Debug|Any CPU
		{C51BDD7A-7BE8-4309-B17C-08DF383DC619}.Release|Any CPU.ActiveCfg = Release|Any CPU
		{C51BDD7A-7BE8-4309-B17C-08DF383DC619}.Release|Any CPU.Build.0 = Release|Any CPU
		{FA7FD421-906E-4A37-B585-3E8E267E021B}.Debug|Any CPU.ActiveCfg = Debug|Any CPU
		{FA7FD421-906E-4A37-B585-3E8E267E021B}.Debug|Any CPU.Build.0 = Debug|Any CPU
		{FA7FD421-906E-4A37-B585-3E8E267E021B}.Release|Any CPU.ActiveCfg = Release|Any CPU
		{FA7FD421-906E-4A37-B585-3E8E267E021B}.Release|Any CPU.Build.0 = Release|Any CPU
		{6A57DACE-84BD-48E8-867E-3F2528CB4270}.Debug|Any CPU.ActiveCfg = Debug|Any CPU
		{6A57DACE-84BD-48E8-867E-3F2528CB4270}.Debug|Any CPU.Build.0 = Debug|Any CPU
		{6A57DACE-84BD-48E8-867E-3F2528CB4270}.Release|Any CPU.ActiveCfg = Release|Any CPU
		{6A57DACE-84BD-48E8-867E-3F2528CB4270}.Release|Any CPU.Build.0 = Release|Any CPU
		{F2A038E2-CE7A-4182-AFE3-AE0B579D0136}.Debug|Any CPU.ActiveCfg = Debug|Any CPU
		{F2A038E2-CE7A-4182-AFE3-AE0B579D0136}.Debug|Any CPU.Build.0 = Debug|Any CPU
		{F2A038E2-CE7A-4182-AFE3-AE0B579D0136}.Release|Any CPU.ActiveCfg = Release|Any CPU
		{F2A038E2-CE7A-4182-AFE3-AE0B579D0136}.Release|Any CPU.Build.0 = Release|Any CPU
		{C417F475-A750-440F-B965-2CD95EC24671}.Debug|Any CPU.ActiveCfg = Debug|Any CPU
		{C417F475-A750-440F-B965-2CD95EC24671}.Debug|Any CPU.Build.0 = Debug|Any CPU
		{C417F475-A750-440F-B965-2CD95EC24671}.Release|Any CPU.ActiveCfg = Release|Any CPU
		{C417F475-A750-440F-B965-2CD95EC24671}.Release|Any CPU.Build.0 = Release|Any CPU
		{FD537E66-97CB-44AB-821F-F51CF89AB6F2}.Debug|Any CPU.ActiveCfg = Debug|Any CPU
		{FD537E66-97CB-44AB-821F-F51CF89AB6F2}.Debug|Any CPU.Build.0 = Debug|Any CPU
		{FD537E66-97CB-44AB-821F-F51CF89AB6F2}.Release|Any CPU.ActiveCfg = Release|Any CPU
		{FD537E66-97CB-44AB-821F-F51CF89AB6F2}.Release|Any CPU.Build.0 = Release|Any CPU
	EndGlobalSection
	GlobalSection(SolutionProperties) = preSolution
		HideSolutionNode = FALSE
	EndGlobalSection
	GlobalSection(NestedProjects) = preSolution
		{DFBE85DD-3F35-41BE-84D8-47ACB7E7CFF3} = {19B52163-35F0-4606-8DCC-A5F66214AE66}
		{80368D8A-2802-40F9-AD2D-015D394A9017} = {C8BD29E8-9698-4F26-8EE8-CC6A6CAE8BEF}
		{FC117CD9-31FF-41D9-9768-552E2F20DAC3} = {19B52163-35F0-4606-8DCC-A5F66214AE66}
		{C51BDD7A-7BE8-4309-B17C-08DF383DC619} = {19B52163-35F0-4606-8DCC-A5F66214AE66}
		{FA7FD421-906E-4A37-B585-3E8E267E021B} = {19B52163-35F0-4606-8DCC-A5F66214AE66}
		{6A57DACE-84BD-48E8-867E-3F2528CB4270} = {19B52163-35F0-4606-8DCC-A5F66214AE66}
		{F2A038E2-CE7A-4182-AFE3-AE0B579D0136} = {C8BD29E8-9698-4F26-8EE8-CC6A6CAE8BEF}
		{C417F475-A750-440F-B965-2CD95EC24671} = {C8BD29E8-9698-4F26-8EE8-CC6A6CAE8BEF}
		{FD537E66-97CB-44AB-821F-F51CF89AB6F2} = {C8BD29E8-9698-4F26-8EE8-CC6A6CAE8BEF}
	EndGlobalSection
EndGlobal
