
Microsoft Visual Studio Solution File, Format Version 12.00
# Visual Studio 14
VisualStudioVersion = 14.0.25420.1
MinimumVisualStudioVersion = 10.0.40219.1
Project("{FAE04EC0-301F-11D3-BF4B-00C04F79EFBC}") = "JCE.Core", "JCE.Core\JCE.Core.csproj", "{858C7B21-6AD1-4F88-9686-8208B62293C7}"
EndProject
Project("{FAE04EC0-301F-11D3-BF4B-00C04F79EFBC}") = "JCE.Utils", "JCE.Utils\JCE.Utils.csproj", "{07E5C501-99EE-47B1-A179-F67BF01EAC01}"
EndProject
Project("{FAE04EC0-301F-11D3-BF4B-00C04F79EFBC}") = "JCE.Component.Log4Net", "JCE.Component.Log4Net\JCE.Component.Log4Net.csproj", "{E3931F74-A389-4216-9645-BDE612B0EA5E}"
EndProject
Project("{FAE04EC0-301F-11D3-BF4B-00C04F79EFBC}") = "JCE.Logging.Log4Net", "JCE.Logging.Log4Net\JCE.Logging.Log4Net.csproj", "{B228F89C-6D7A-4882-BCC9-23E001FD6821}"
EndProject
Project("{FAE04EC0-301F-11D3-BF4B-00C04F79EFBC}") = "JCE.Component.Json.Net", "JCE.Component.Json.Net\JCE.Component.Json.Net.csproj", "{F6F83E35-1FE5-4943-882E-E6D102B0D5A1}"
EndProject
Project("{2150E333-8FDC-42A3-9474-1A3956D46DE8}") = "01-框架", "01-框架", "{160B6407-2A52-4302-8C8B-08A4DF39F0C7}"
EndProject
Project("{2150E333-8FDC-42A3-9474-1A3956D46DE8}") = "02-组件", "02-组件", "{4C590AAB-3E53-4735-90C4-3713DF33D8CF}"
EndProject
Project("{FAE04EC0-301F-11D3-BF4B-00C04F79EFBC}") = "JCE.Autofac.Extensions", "JCE.Autofac.Extensions\JCE.Autofac.Extensions.csproj", "{2E23B317-9565-4657-AD1B-55463B625834}"
EndProject
Project("{FAE04EC0-301F-11D3-BF4B-00C04F79EFBC}") = "JCE.Autofac.LocalApp", "JCE.Autofac.LocalApp\JCE.Autofac.LocalApp.csproj", "{3D9E58FD-0772-48B9-B2CD-914B92905A85}"
EndProject
Project("{FAE04EC0-301F-11D3-BF4B-00C04F79EFBC}") = "JCE.Autofac.Mvc", "JCE.Autofac.Mvc\JCE.Autofac.Mvc.csproj", "{581988C1-DEE5-4102-894A-CC3AFBB607FF}"
EndProject
Project("{FAE04EC0-301F-11D3-BF4B-00C04F79EFBC}") = "JCE.Autofac.SignalR", "JCE.Autofac.SignalR\JCE.Autofac.SignalR.csproj", "{45163089-7735-4F1B-95FD-26478C34E410}"
EndProject
Project("{FAE04EC0-301F-11D3-BF4B-00C04F79EFBC}") = "JCE.Autofac.WebApi", "JCE.Autofac.WebApi\JCE.Autofac.WebApi.csproj", "{40F8CCB1-ED86-4173-AC4F-19703A565A47}"
EndProject
Project("{2150E333-8FDC-42A3-9474-1A3956D46DE8}") = "Autofac", "Autofac", "{CA1E1E46-F16F-4E0B-A3D3-6B9D556481EA}"
EndProject
Project("{2150E333-8FDC-42A3-9474-1A3956D46DE8}") = "Logging", "Logging", "{263B7744-545E-4E01-BD88-63F104D029F0}"
EndProject
Project("{2150E333-8FDC-42A3-9474-1A3956D46DE8}") = "Utils", "Utils", "{4D54DD1D-3C9E-4CB3-ADC9-8EAE6987ACA2}"
EndProject
Project("{FAE04EC0-301F-11D3-BF4B-00C04F79EFBC}") = "JCE.Utils.UserAgents", "JCE.Utils.UserAgents\JCE.Utils.UserAgents.csproj", "{D2593C8C-500C-4453-A961-C75D5414F593}"
EndProject
Project("{FAE04EC0-301F-11D3-BF4B-00C04F79EFBC}") = "JCE.Utils.Wcf", "JCE.Utils.Wcf\JCE.Utils.Wcf.csproj", "{8BE4D40D-71DC-4D96-AAA7-3FBDE51E2C3A}"
EndProject
Project("{FAE04EC0-301F-11D3-BF4B-00C04F79EFBC}") = "JCE.Utils.Webform", "JCE.Utils.Webform\JCE.Utils.Webform.csproj", "{D9C84294-7C4D-4103-8716-5DBDA03A1DF1}"
EndProject
Project("{FAE04EC0-301F-11D3-BF4B-00C04F79EFBC}") = "JCE.Utils.Winform", "JCE.Utils.Winform\JCE.Utils.Winform.csproj", "{91A3B084-6442-4F8B-9BBC-0B6EFB041F95}"
EndProject
Project("{FAE04EC0-301F-11D3-BF4B-00C04F79EFBC}") = "JCE.Datas.EF", "JCE.Datas.EF\JCE.Datas.EF.csproj", "{163D0078-0841-419B-BC89-E98DEFFEE608}"
EndProject
Project("{FAE04EC0-301F-11D3-BF4B-00C04F79EFBC}") = "JCE.PayCenter.Wechat", "JCE.PayCenter.Wechat\JCE.PayCenter.Wechat.csproj", "{BB38AF5D-B0F2-4D4C-A553-26368D354A88}"
EndProject
Project("{FAE04EC0-301F-11D3-BF4B-00C04F79EFBC}") = "JCE.HttpUtil", "JCE.HttpUtil\JCE.HttpUtil.csproj", "{4118B7BF-49C0-4B7A-9C69-B313C36C3E3F}"
EndProject
Project("{FAE04EC0-301F-11D3-BF4B-00C04F79EFBC}") = "JCE.Utils.AutoMapper", "JCE.Utils.AutoMapper\JCE.Utils.AutoMapper.csproj", "{E64E5D73-7A87-488C-9B96-153B3CA0C01C}"
EndProject
Project("{2150E333-8FDC-42A3-9474-1A3956D46DE8}") = "03-测试", "03-测试", "{D441BBE1-026E-4300-BFFC-F4BF9F4B187F}"
EndProject
Project("{FAE04EC0-301F-11D3-BF4B-00C04F79EFBC}") = "JCE.Utils.AutoMapper.Test", "JCE.Utils.AutoMapper.Test\JCE.Utils.AutoMapper.Test.csproj", "{993AB396-8CDD-43C6-BDCA-5AD34FB9B14F}"
EndProject
Project("{FAE04EC0-301F-11D3-BF4B-00C04F79EFBC}") = "JCE.Utils.Test", "JCE.Utils.Test\JCE.Utils.Test.csproj", "{FE585BBC-0526-4682-96B1-7C9837418132}"
EndProject
Project("{2150E333-8FDC-42A3-9474-1A3956D46DE8}") = "00-Document", "00-Document", "{D77F5C28-3815-4460-BEF2-18E25266F98B}"
	ProjectSection(SolutionItems) = preProject
		README.md = README.md
	EndProjectSection
EndProject
Project("{FAE04EC0-301F-11D3-BF4B-00C04F79EFBC}") = "JCE.Utils.Npoi", "JCE.Utils.Npoi\JCE.Utils.Npoi.csproj", "{973643D6-B04D-49D5-8AD9-22B96659061B}"
EndProject
Project("{FAE04EC0-301F-11D3-BF4B-00C04F79EFBC}") = "JCE.Utils.Npoi.Test", "JCE.Utils.Npoi.Test\JCE.Utils.Npoi.Test.csproj", "{09B36333-5CAE-4B8B-84C1-86571A3F4161}"
EndProject
Project("{FAE04EC0-301F-11D3-BF4B-00C04F79EFBC}") = "JCE.Utils.Http", "JCE.Utils.Http\JCE.Utils.Http.csproj", "{F4FBFAB7-CC17-47C7-8D2D-1202E3097586}"
EndProject
Global
	GlobalSection(SolutionConfigurationPlatforms) = preSolution
		Debug|Any CPU = Debug|Any CPU
		Release|Any CPU = Release|Any CPU
	EndGlobalSection
	GlobalSection(ProjectConfigurationPlatforms) = postSolution
		{858C7B21-6AD1-4F88-9686-8208B62293C7}.Debug|Any CPU.ActiveCfg = Debug|Any CPU
		{858C7B21-6AD1-4F88-9686-8208B62293C7}.Debug|Any CPU.Build.0 = Debug|Any CPU
		{858C7B21-6AD1-4F88-9686-8208B62293C7}.Release|Any CPU.ActiveCfg = Release|Any CPU
		{858C7B21-6AD1-4F88-9686-8208B62293C7}.Release|Any CPU.Build.0 = Release|Any CPU
		{07E5C501-99EE-47B1-A179-F67BF01EAC01}.Debug|Any CPU.ActiveCfg = Debug|Any CPU
		{07E5C501-99EE-47B1-A179-F67BF01EAC01}.Debug|Any CPU.Build.0 = Debug|Any CPU
		{07E5C501-99EE-47B1-A179-F67BF01EAC01}.Release|Any CPU.ActiveCfg = Release|Any CPU
		{07E5C501-99EE-47B1-A179-F67BF01EAC01}.Release|Any CPU.Build.0 = Release|Any CPU
		{E3931F74-A389-4216-9645-BDE612B0EA5E}.Debug|Any CPU.ActiveCfg = Debug|Any CPU
		{E3931F74-A389-4216-9645-BDE612B0EA5E}.Debug|Any CPU.Build.0 = Debug|Any CPU
		{E3931F74-A389-4216-9645-BDE612B0EA5E}.Release|Any CPU.ActiveCfg = Release|Any CPU
		{E3931F74-A389-4216-9645-BDE612B0EA5E}.Release|Any CPU.Build.0 = Release|Any CPU
		{B228F89C-6D7A-4882-BCC9-23E001FD6821}.Debug|Any CPU.ActiveCfg = Debug|Any CPU
		{B228F89C-6D7A-4882-BCC9-23E001FD6821}.Debug|Any CPU.Build.0 = Debug|Any CPU
		{B228F89C-6D7A-4882-BCC9-23E001FD6821}.Release|Any CPU.ActiveCfg = Release|Any CPU
		{B228F89C-6D7A-4882-BCC9-23E001FD6821}.Release|Any CPU.Build.0 = Release|Any CPU
		{F6F83E35-1FE5-4943-882E-E6D102B0D5A1}.Debug|Any CPU.ActiveCfg = Debug|Any CPU
		{F6F83E35-1FE5-4943-882E-E6D102B0D5A1}.Debug|Any CPU.Build.0 = Debug|Any CPU
		{F6F83E35-1FE5-4943-882E-E6D102B0D5A1}.Release|Any CPU.ActiveCfg = Release|Any CPU
		{F6F83E35-1FE5-4943-882E-E6D102B0D5A1}.Release|Any CPU.Build.0 = Release|Any CPU
		{2E23B317-9565-4657-AD1B-55463B625834}.Debug|Any CPU.ActiveCfg = Debug|Any CPU
		{2E23B317-9565-4657-AD1B-55463B625834}.Debug|Any CPU.Build.0 = Debug|Any CPU
		{2E23B317-9565-4657-AD1B-55463B625834}.Release|Any CPU.ActiveCfg = Release|Any CPU
		{2E23B317-9565-4657-AD1B-55463B625834}.Release|Any CPU.Build.0 = Release|Any CPU
		{3D9E58FD-0772-48B9-B2CD-914B92905A85}.Debug|Any CPU.ActiveCfg = Debug|Any CPU
		{3D9E58FD-0772-48B9-B2CD-914B92905A85}.Debug|Any CPU.Build.0 = Debug|Any CPU
		{3D9E58FD-0772-48B9-B2CD-914B92905A85}.Release|Any CPU.ActiveCfg = Release|Any CPU
		{3D9E58FD-0772-48B9-B2CD-914B92905A85}.Release|Any CPU.Build.0 = Release|Any CPU
		{581988C1-DEE5-4102-894A-CC3AFBB607FF}.Debug|Any CPU.ActiveCfg = Debug|Any CPU
		{581988C1-DEE5-4102-894A-CC3AFBB607FF}.Debug|Any CPU.Build.0 = Debug|Any CPU
		{581988C1-DEE5-4102-894A-CC3AFBB607FF}.Release|Any CPU.ActiveCfg = Release|Any CPU
		{581988C1-DEE5-4102-894A-CC3AFBB607FF}.Release|Any CPU.Build.0 = Release|Any CPU
		{45163089-7735-4F1B-95FD-26478C34E410}.Debug|Any CPU.ActiveCfg = Debug|Any CPU
		{45163089-7735-4F1B-95FD-26478C34E410}.Debug|Any CPU.Build.0 = Debug|Any CPU
		{45163089-7735-4F1B-95FD-26478C34E410}.Release|Any CPU.ActiveCfg = Release|Any CPU
		{45163089-7735-4F1B-95FD-26478C34E410}.Release|Any CPU.Build.0 = Release|Any CPU
		{40F8CCB1-ED86-4173-AC4F-19703A565A47}.Debug|Any CPU.ActiveCfg = Debug|Any CPU
		{40F8CCB1-ED86-4173-AC4F-19703A565A47}.Debug|Any CPU.Build.0 = Debug|Any CPU
		{40F8CCB1-ED86-4173-AC4F-19703A565A47}.Release|Any CPU.ActiveCfg = Release|Any CPU
		{40F8CCB1-ED86-4173-AC4F-19703A565A47}.Release|Any CPU.Build.0 = Release|Any CPU
		{D2593C8C-500C-4453-A961-C75D5414F593}.Debug|Any CPU.ActiveCfg = Debug|Any CPU
		{D2593C8C-500C-4453-A961-C75D5414F593}.Debug|Any CPU.Build.0 = Debug|Any CPU
		{D2593C8C-500C-4453-A961-C75D5414F593}.Release|Any CPU.ActiveCfg = Release|Any CPU
		{D2593C8C-500C-4453-A961-C75D5414F593}.Release|Any CPU.Build.0 = Release|Any CPU
		{8BE4D40D-71DC-4D96-AAA7-3FBDE51E2C3A}.Debug|Any CPU.ActiveCfg = Debug|Any CPU
		{8BE4D40D-71DC-4D96-AAA7-3FBDE51E2C3A}.Debug|Any CPU.Build.0 = Debug|Any CPU
		{8BE4D40D-71DC-4D96-AAA7-3FBDE51E2C3A}.Release|Any CPU.ActiveCfg = Release|Any CPU
		{8BE4D40D-71DC-4D96-AAA7-3FBDE51E2C3A}.Release|Any CPU.Build.0 = Release|Any CPU
		{D9C84294-7C4D-4103-8716-5DBDA03A1DF1}.Debug|Any CPU.ActiveCfg = Debug|Any CPU
		{D9C84294-7C4D-4103-8716-5DBDA03A1DF1}.Debug|Any CPU.Build.0 = Debug|Any CPU
		{D9C84294-7C4D-4103-8716-5DBDA03A1DF1}.Release|Any CPU.ActiveCfg = Release|Any CPU
		{D9C84294-7C4D-4103-8716-5DBDA03A1DF1}.Release|Any CPU.Build.0 = Release|Any CPU
		{91A3B084-6442-4F8B-9BBC-0B6EFB041F95}.Debug|Any CPU.ActiveCfg = Debug|Any CPU
		{91A3B084-6442-4F8B-9BBC-0B6EFB041F95}.Debug|Any CPU.Build.0 = Debug|Any CPU
		{91A3B084-6442-4F8B-9BBC-0B6EFB041F95}.Release|Any CPU.ActiveCfg = Release|Any CPU
		{91A3B084-6442-4F8B-9BBC-0B6EFB041F95}.Release|Any CPU.Build.0 = Release|Any CPU
		{163D0078-0841-419B-BC89-E98DEFFEE608}.Debug|Any CPU.ActiveCfg = Debug|Any CPU
		{163D0078-0841-419B-BC89-E98DEFFEE608}.Debug|Any CPU.Build.0 = Debug|Any CPU
		{163D0078-0841-419B-BC89-E98DEFFEE608}.Release|Any CPU.ActiveCfg = Release|Any CPU
		{163D0078-0841-419B-BC89-E98DEFFEE608}.Release|Any CPU.Build.0 = Release|Any CPU
		{BB38AF5D-B0F2-4D4C-A553-26368D354A88}.Debug|Any CPU.ActiveCfg = Debug|Any CPU
		{BB38AF5D-B0F2-4D4C-A553-26368D354A88}.Debug|Any CPU.Build.0 = Debug|Any CPU
		{BB38AF5D-B0F2-4D4C-A553-26368D354A88}.Release|Any CPU.ActiveCfg = Release|Any CPU
		{BB38AF5D-B0F2-4D4C-A553-26368D354A88}.Release|Any CPU.Build.0 = Release|Any CPU
		{4118B7BF-49C0-4B7A-9C69-B313C36C3E3F}.Debug|Any CPU.ActiveCfg = Debug|Any CPU
		{4118B7BF-49C0-4B7A-9C69-B313C36C3E3F}.Debug|Any CPU.Build.0 = Debug|Any CPU
		{4118B7BF-49C0-4B7A-9C69-B313C36C3E3F}.Release|Any CPU.ActiveCfg = Release|Any CPU
		{4118B7BF-49C0-4B7A-9C69-B313C36C3E3F}.Release|Any CPU.Build.0 = Release|Any CPU
		{E64E5D73-7A87-488C-9B96-153B3CA0C01C}.Debug|Any CPU.ActiveCfg = Debug|Any CPU
		{E64E5D73-7A87-488C-9B96-153B3CA0C01C}.Debug|Any CPU.Build.0 = Debug|Any CPU
		{E64E5D73-7A87-488C-9B96-153B3CA0C01C}.Release|Any CPU.ActiveCfg = Release|Any CPU
		{E64E5D73-7A87-488C-9B96-153B3CA0C01C}.Release|Any CPU.Build.0 = Release|Any CPU
		{993AB396-8CDD-43C6-BDCA-5AD34FB9B14F}.Debug|Any CPU.ActiveCfg = Debug|Any CPU
		{993AB396-8CDD-43C6-BDCA-5AD34FB9B14F}.Debug|Any CPU.Build.0 = Debug|Any CPU
		{993AB396-8CDD-43C6-BDCA-5AD34FB9B14F}.Release|Any CPU.ActiveCfg = Release|Any CPU
		{993AB396-8CDD-43C6-BDCA-5AD34FB9B14F}.Release|Any CPU.Build.0 = Release|Any CPU
		{FE585BBC-0526-4682-96B1-7C9837418132}.Debug|Any CPU.ActiveCfg = Debug|Any CPU
		{FE585BBC-0526-4682-96B1-7C9837418132}.Debug|Any CPU.Build.0 = Debug|Any CPU
		{FE585BBC-0526-4682-96B1-7C9837418132}.Release|Any CPU.ActiveCfg = Release|Any CPU
		{FE585BBC-0526-4682-96B1-7C9837418132}.Release|Any CPU.Build.0 = Release|Any CPU
		{973643D6-B04D-49D5-8AD9-22B96659061B}.Debug|Any CPU.ActiveCfg = Debug|Any CPU
		{973643D6-B04D-49D5-8AD9-22B96659061B}.Debug|Any CPU.Build.0 = Debug|Any CPU
		{973643D6-B04D-49D5-8AD9-22B96659061B}.Release|Any CPU.ActiveCfg = Release|Any CPU
		{973643D6-B04D-49D5-8AD9-22B96659061B}.Release|Any CPU.Build.0 = Release|Any CPU
		{09B36333-5CAE-4B8B-84C1-86571A3F4161}.Debug|Any CPU.ActiveCfg = Debug|Any CPU
		{09B36333-5CAE-4B8B-84C1-86571A3F4161}.Debug|Any CPU.Build.0 = Debug|Any CPU
		{09B36333-5CAE-4B8B-84C1-86571A3F4161}.Release|Any CPU.ActiveCfg = Release|Any CPU
		{09B36333-5CAE-4B8B-84C1-86571A3F4161}.Release|Any CPU.Build.0 = Release|Any CPU
		{F4FBFAB7-CC17-47C7-8D2D-1202E3097586}.Debug|Any CPU.ActiveCfg = Debug|Any CPU
		{F4FBFAB7-CC17-47C7-8D2D-1202E3097586}.Debug|Any CPU.Build.0 = Debug|Any CPU
		{F4FBFAB7-CC17-47C7-8D2D-1202E3097586}.Release|Any CPU.ActiveCfg = Release|Any CPU
		{F4FBFAB7-CC17-47C7-8D2D-1202E3097586}.Release|Any CPU.Build.0 = Release|Any CPU
	EndGlobalSection
	GlobalSection(SolutionProperties) = preSolution
		HideSolutionNode = FALSE
	EndGlobalSection
	GlobalSection(NestedProjects) = preSolution
		{858C7B21-6AD1-4F88-9686-8208B62293C7} = {160B6407-2A52-4302-8C8B-08A4DF39F0C7}
		{07E5C501-99EE-47B1-A179-F67BF01EAC01} = {4D54DD1D-3C9E-4CB3-ADC9-8EAE6987ACA2}
		{E3931F74-A389-4216-9645-BDE612B0EA5E} = {4C590AAB-3E53-4735-90C4-3713DF33D8CF}
		{B228F89C-6D7A-4882-BCC9-23E001FD6821} = {263B7744-545E-4E01-BD88-63F104D029F0}
		{F6F83E35-1FE5-4943-882E-E6D102B0D5A1} = {4C590AAB-3E53-4735-90C4-3713DF33D8CF}
		{2E23B317-9565-4657-AD1B-55463B625834} = {CA1E1E46-F16F-4E0B-A3D3-6B9D556481EA}
		{3D9E58FD-0772-48B9-B2CD-914B92905A85} = {CA1E1E46-F16F-4E0B-A3D3-6B9D556481EA}
		{581988C1-DEE5-4102-894A-CC3AFBB607FF} = {CA1E1E46-F16F-4E0B-A3D3-6B9D556481EA}
		{45163089-7735-4F1B-95FD-26478C34E410} = {CA1E1E46-F16F-4E0B-A3D3-6B9D556481EA}
		{40F8CCB1-ED86-4173-AC4F-19703A565A47} = {CA1E1E46-F16F-4E0B-A3D3-6B9D556481EA}
		{CA1E1E46-F16F-4E0B-A3D3-6B9D556481EA} = {160B6407-2A52-4302-8C8B-08A4DF39F0C7}
		{263B7744-545E-4E01-BD88-63F104D029F0} = {160B6407-2A52-4302-8C8B-08A4DF39F0C7}
		{4D54DD1D-3C9E-4CB3-ADC9-8EAE6987ACA2} = {160B6407-2A52-4302-8C8B-08A4DF39F0C7}
		{D2593C8C-500C-4453-A961-C75D5414F593} = {4D54DD1D-3C9E-4CB3-ADC9-8EAE6987ACA2}
		{8BE4D40D-71DC-4D96-AAA7-3FBDE51E2C3A} = {4D54DD1D-3C9E-4CB3-ADC9-8EAE6987ACA2}
		{D9C84294-7C4D-4103-8716-5DBDA03A1DF1} = {4D54DD1D-3C9E-4CB3-ADC9-8EAE6987ACA2}
		{91A3B084-6442-4F8B-9BBC-0B6EFB041F95} = {4D54DD1D-3C9E-4CB3-ADC9-8EAE6987ACA2}
		{163D0078-0841-419B-BC89-E98DEFFEE608} = {160B6407-2A52-4302-8C8B-08A4DF39F0C7}
		{BB38AF5D-B0F2-4D4C-A553-26368D354A88} = {160B6407-2A52-4302-8C8B-08A4DF39F0C7}
		{4118B7BF-49C0-4B7A-9C69-B313C36C3E3F} = {160B6407-2A52-4302-8C8B-08A4DF39F0C7}
		{E64E5D73-7A87-488C-9B96-153B3CA0C01C} = {4D54DD1D-3C9E-4CB3-ADC9-8EAE6987ACA2}
		{993AB396-8CDD-43C6-BDCA-5AD34FB9B14F} = {D441BBE1-026E-4300-BFFC-F4BF9F4B187F}
		{FE585BBC-0526-4682-96B1-7C9837418132} = {D441BBE1-026E-4300-BFFC-F4BF9F4B187F}
		{973643D6-B04D-49D5-8AD9-22B96659061B} = {4D54DD1D-3C9E-4CB3-ADC9-8EAE6987ACA2}
		{09B36333-5CAE-4B8B-84C1-86571A3F4161} = {D441BBE1-026E-4300-BFFC-F4BF9F4B187F}
		{F4FBFAB7-CC17-47C7-8D2D-1202E3097586} = {4D54DD1D-3C9E-4CB3-ADC9-8EAE6987ACA2}
	EndGlobalSection
EndGlobal
